
Microsoft Visual Studio Solution File, Format Version 12.00
# Visual Studio 15
VisualStudioVersion = 15.0.26730.12
MinimumVisualStudioVersion = 10.0.40219.1
Project("{FAE04EC0-301F-11D3-BF4B-00C04F79EFBC}") = "DokiDoki", "DokiDoki\DokiDoki.csproj", "{060B0453-1188-4960-AD9C-D3D11DA7E1EC}"
EndProject
Project("{FAE04EC0-301F-11D3-BF4B-00C04F79EFBC}") = "DokiDoki_Login_Server", "DokiDoki_Login_Server\DokiDoki_Login_Server.csproj", "{4A0EB561-A7D5-41F9-B144-F2EF2DD3668E}"
EndProject
Project("{FAE04EC0-301F-11D3-BF4B-00C04F79EFBC}") = "DokiDoki_Register_Server", "Register_Server\DokiDoki_Register_Server.csproj", "{C3F1A9B2-41CA-4649-A680-C5511D2BB2E1}"
EndProject
Project("{FAE04EC0-301F-11D3-BF4B-00C04F79EFBC}") = "DokiDoki_EmailVerify_Server", "EmailVerify_Server\DokiDoki_EmailVerify_Server.csproj", "{25D1FFB7-7D99-4CFF-868A-4837B347B198}"
EndProject
Global
	GlobalSection(SolutionConfigurationPlatforms) = preSolution
		Debug|Any CPU = Debug|Any CPU
		Release|Any CPU = Release|Any CPU
	EndGlobalSection
	GlobalSection(ProjectConfigurationPlatforms) = postSolution
		{060B0453-1188-4960-AD9C-D3D11DA7E1EC}.Debug|Any CPU.ActiveCfg = Debug|Any CPU
		{060B0453-1188-4960-AD9C-D3D11DA7E1EC}.Debug|Any CPU.Build.0 = Debug|Any CPU
		{060B0453-1188-4960-AD9C-D3D11DA7E1EC}.Release|Any CPU.ActiveCfg = Release|Any CPU
		{060B0453-1188-4960-AD9C-D3D11DA7E1EC}.Release|Any CPU.Build.0 = Release|Any CPU
		{4A0EB561-A7D5-41F9-B144-F2EF2DD3668E}.Debug|Any CPU.ActiveCfg = Debug|Any CPU
		{4A0EB561-A7D5-41F9-B144-F2EF2DD3668E}.Debug|Any CPU.Build.0 = Debug|Any CPU
		{4A0EB561-A7D5-41F9-B144-F2EF2DD3668E}.Release|Any CPU.ActiveCfg = Release|Any CPU
		{4A0EB561-A7D5-41F9-B144-F2EF2DD3668E}.Release|Any CPU.Build.0 = Release|Any CPU
		{C3F1A9B2-41CA-4649-A680-C5511D2BB2E1}.Debug|Any CPU.ActiveCfg = Debug|Any CPU
		{C3F1A9B2-41CA-4649-A680-C5511D2BB2E1}.Debug|Any CPU.Build.0 = Debug|Any CPU
		{C3F1A9B2-41CA-4649-A680-C5511D2BB2E1}.Release|Any CPU.ActiveCfg = Release|Any CPU
		{C3F1A9B2-41CA-4649-A680-C5511D2BB2E1}.Release|Any CPU.Build.0 = Release|Any CPU
		{25D1FFB7-7D99-4CFF-868A-4837B347B198}.Debug|Any CPU.ActiveCfg = Debug|Any CPU
		{25D1FFB7-7D99-4CFF-868A-4837B347B198}.Debug|Any CPU.Build.0 = Debug|Any CPU
		{25D1FFB7-7D99-4CFF-868A-4837B347B198}.Release|Any CPU.ActiveCfg = Release|Any CPU
		{25D1FFB7-7D99-4CFF-868A-4837B347B198}.Release|Any CPU.Build.0 = Release|Any CPU
	EndGlobalSection
	GlobalSection(SolutionProperties) = preSolution
		HideSolutionNode = FALSE
	EndGlobalSection
	GlobalSection(ExtensibilityGlobals) = postSolution
		SolutionGuid = {1144EB88-920A-46DE-9BCF-E270DEF45DB4}
	EndGlobalSection
EndGlobal
